
Microsoft Visual Studio Solution File, Format Version 12.00
# Visual Studio Version 17
VisualStudioVersion = 17.5.33627.172
MinimumVisualStudioVersion = 10.0.40219.1
Project("{FAE04EC0-301F-11D3-BF4B-00C04F79EFBC}") = "gk3", "gk3\gk3.csproj", "{3B81BF1B-8364-4644-BEB0-450A42FA282E}"
EndProject
Global
	GlobalSection(SolutionConfigurationPlatforms) = preSolution
		Debug|Any CPU = Debug|Any CPU
		Release|Any CPU = Release|Any CPU
	EndGlobalSection
	GlobalSection(ProjectConfigurationPlatforms) = postSolution
		{3B81BF1B-8364-4644-BEB0-450A42FA282E}.Debug|Any CPU.ActiveCfg = Debug|Any CPU
		{3B81BF1B-8364-4644-BEB0-450A42FA282E}.Debug|Any CPU.Build.0 = Debug|Any CPU
		{3B81BF1B-8364-4644-BEB0-450A42FA282E}.Release|Any CPU.ActiveCfg = Release|Any CPU
		{3B81BF1B-8364-4644-BEB0-450A42FA282E}.Release|Any CPU.Build.0 = Release|Any CPU
	EndGlobalSection
	GlobalSection(SolutionProperties) = preSolution
		HideSolutionNode = FALSE
	EndGlobalSection
	GlobalSection(ExtensibilityGlobals) = postSolution
		SolutionGuid = {D2C085D3-D76A-4515-B34D-EC74DA6DC5B5}
	EndGlobalSection
EndGlobal
